{
    "requires": true,
    "lockfileVersion": 1,
    "dependencies": {
        "ckeditor": {
            "version": "4.10.1",
            "resolved": "https://registry.npmjs.org/ckeditor/-/ckeditor-4.10.1.tgz",
            "integrity": "sha512-T6y4BH9ml+0F1cuSqjOWSZJtNuunVm/IbZl0KWNgRUsWEiwQQxhzA0mvSVLzujjsQkTMn9oTGcDd31/eozCAWg=="
        }
    }
}
